{
  "name": "lcool",
  "version": "0.0.1",
  "lockfileVersion": 2,
  "requires": true,
  "packages": {
    "": {
      "name": "lcool",
      "version": "0.0.1",
      "license": "MIT",
      "dependencies": {
        "commander": "^9.4.0",
        "prompts": "^2.4.2"
      },
      "bin": {
        "lcool": "src/index.js"
      },
      "devDependencies": {
        "@types/prompts": "^2.0.14"
      },
      "engines": {
        "node": "^12.0.0 || >= 14.0.0"
      }
    },
    "node_modules/@types/node": {
      "version": "18.0.6",
      "resolved": "https://registry.npmmirror.com/@types/node/-/node-18.0.6.tgz",
      "integrity": "sha512-/xUq6H2aQm261exT6iZTMifUySEt4GR5KX8eYyY+C4MSNPqSh9oNIP7tz2GLKTlFaiBbgZNxffoR3CVRG+cljw==",
      "dev": true
    },
    "node_modules/@types/prompts": {
      "version": "2.0.14",
      "resolved": "https://registry.npmmirror.com/@types/prompts/-/prompts-2.0.14.tgz",
      "integrity": "sha512-HZBd99fKxRWpYCErtm2/yxUZv6/PBI9J7N4TNFffl5JbrYMHBwF25DjQGTW3b3jmXq+9P6/8fCIb2ee57BFfYA==",
      "dev": true,
      "dependencies": {
        "@types/node": "*"
      }
    },
    "node_modules/commander": {
      "version": "9.4.0",
      "resolved": "https://registry.npmmirror.com/commander/-/commander-9.4.0.tgz",
      "integrity": "sha512-sRPT+umqkz90UA8M1yqYfnHlZA7fF6nSphDtxeywPZ49ysjxDQybzk13CL+mXekDRG92skbcqCLVovuCusNmFw==",
      "engines": {
        "node": "^12.20.0 || >=14"
      }
    },
    "node_modules/kleur": {
      "version": "3.0.3",
      "resolved": "https://registry.npmmirror.com/kleur/-/kleur-3.0.3.tgz",
      "integrity": "sha512-eTIzlVOSUR+JxdDFepEYcBMtZ9Qqdef+rnzWdRZuMbOywu5tO2w2N7rqjoANZ5k9vywhL6Br1VRjUIgTQx4E8w==",
      "engines": {
        "node": ">=6"
      }
    },
    "node_modules/prompts": {
      "version": "2.4.2",
      "resolved": "https://registry.npmmirror.com/prompts/-/prompts-2.4.2.tgz",
      "integrity": "sha512-NxNv/kLguCA7p3jE8oL2aEBsrJWgAakBpgmgK6lpPWV+WuOmY6r2/zbAVnP+T8bQlA0nzHXSJSJW0Hq7ylaD2Q==",
      "dependencies": {
        "kleur": "^3.0.3",
        "sisteransi": "^1.0.5"
      },
      "engines": {
        "node": ">= 6"
      }
    },
    "node_modules/sisteransi": {
      "version": "1.0.5",
      "resolved": "https://registry.npmmirror.com/sisteransi/-/sisteransi-1.0.5.tgz",
      "integrity": "sha512-bLGGlR1QxBcynn2d5YmDX4MGjlZvy2MRBDRNHLJ8VI6l6+9FUiyTFNJ0IveOSP0bcXgVDPRcfGqA0pjaqUpfVg=="
    }
  },
  "dependencies": {
    "@types/node": {
      "version": "18.0.6",
      "resolved": "https://registry.npmmirror.com/@types/node/-/node-18.0.6.tgz",
      "integrity": "sha512-/xUq6H2aQm261exT6iZTMifUySEt4GR5KX8eYyY+C4MSNPqSh9oNIP7tz2GLKTlFaiBbgZNxffoR3CVRG+cljw==",
      "dev": true
    },
    "@types/prompts": {
      "version": "2.0.14",
      "resolved": "https://registry.npmmirror.com/@types/prompts/-/prompts-2.0.14.tgz",
      "integrity": "sha512-HZBd99fKxRWpYCErtm2/yxUZv6/PBI9J7N4TNFffl5JbrYMHBwF25DjQGTW3b3jmXq+9P6/8fCIb2ee57BFfYA==",
      "dev": true,
      "requires": {
        "@types/node": "*"
      }
    },
    "commander": {
      "version": "9.4.0",
      "resolved": "https://registry.npmmirror.com/commander/-/commander-9.4.0.tgz",
      "integrity": "sha512-sRPT+umqkz90UA8M1yqYfnHlZA7fF6nSphDtxeywPZ49ysjxDQybzk13CL+mXekDRG92skbcqCLVovuCusNmFw=="
    },
    "kleur": {
      "version": "3.0.3",
      "resolved": "https://registry.npmmirror.com/kleur/-/kleur-3.0.3.tgz",
      "integrity": "sha512-eTIzlVOSUR+JxdDFepEYcBMtZ9Qqdef+rnzWdRZuMbOywu5tO2w2N7rqjoANZ5k9vywhL6Br1VRjUIgTQx4E8w=="
    },
    "prompts": {
      "version": "2.4.2",
      "resolved": "https://registry.npmmirror.com/prompts/-/prompts-2.4.2.tgz",
      "integrity": "sha512-NxNv/kLguCA7p3jE8oL2aEBsrJWgAakBpgmgK6lpPWV+WuOmY6r2/zbAVnP+T8bQlA0nzHXSJSJW0Hq7ylaD2Q==",
      "requires": {
        "kleur": "^3.0.3",
        "sisteransi": "^1.0.5"
      }
    },
    "sisteransi": {
      "version": "1.0.5",
      "resolved": "https://registry.npmmirror.com/sisteransi/-/sisteransi-1.0.5.tgz",
      "integrity": "sha512-bLGGlR1QxBcynn2d5YmDX4MGjlZvy2MRBDRNHLJ8VI6l6+9FUiyTFNJ0IveOSP0bcXgVDPRcfGqA0pjaqUpfVg=="
    }
  }
}
